// !$*UTF8*$!
{
	archiveVersion = 1;
	classes = {
	};
	objectVersion = 46;
	objects = {

/* Begin PBXBuildFile section */
		46061E03AB589705A86872A8 /* Pods_MyNotes.framework in Frameworks */ = {isa = PBXBuildFile; fileRef = 84959AD1D95F0EC91FC18008 /* Pods_MyNotes.framework */; settings = {ATTRIBUTES = (Weak, ); }; };
		920EC7AB1DA3BE0300E9EBE8 /* Masonry.framework in Frameworks */ = {isa = PBXBuildFile; fileRef = 920EC7AA1DA3BE0300E9EBE8 /* Masonry.framework */; };
		92113C6D1D8F796A00919367 /* AppDelegate.swift in Sources */ = {isa = PBXBuildFile; fileRef = 92113C6C1D8F796A00919367 /* AppDelegate.swift */; };
		92113C721D8F796A00919367 /* Main.storyboard in Resources */ = {isa = PBXBuildFile; fileRef = 92113C701D8F796A00919367 /* Main.storyboard */; };
		92113C741D8F796A00919367 /* Assets.xcassets in Resources */ = {isa = PBXBuildFile; fileRef = 92113C731D8F796A00919367 /* Assets.xcassets */; };
		92113C771D8F796A00919367 /* LaunchScreen.storyboard in Resources */ = {isa = PBXBuildFile; fileRef = 92113C751D8F796A00919367 /* LaunchScreen.storyboard */; };
		92113C821D8F796A00919367 /* MyNotesTests.swift in Sources */ = {isa = PBXBuildFile; fileRef = 92113C811D8F796A00919367 /* MyNotesTests.swift */; };
		92113C8D1D8F796A00919367 /* MyNotesUITests.swift in Sources */ = {isa = PBXBuildFile; fileRef = 92113C8C1D8F796A00919367 /* MyNotesUITests.swift */; };
		92113C9F1D8FC95600919367 /* Catalog.swift in Sources */ = {isa = PBXBuildFile; fileRef = 92113C9E1D8FC95600919367 /* Catalog.swift */; };
		92113CA61D90110700919367 /* CatalogCollectionViewCell.swift in Sources */ = {isa = PBXBuildFile; fileRef = 92113CA51D90110700919367 /* CatalogCollectionViewCell.swift */; };
		9211A77E1DAC6A39003F591A /* CatalogViewController.swift in Sources */ = {isa = PBXBuildFile; fileRef = 9211A77D1DAC6A39003F591A /* CatalogViewController.swift */; };
		9211B0CB1D9A4C09002F39A0 /* FileViewController.swift in Sources */ = {isa = PBXBuildFile; fileRef = 9211B0CA1D9A4C09002F39A0 /* FileViewController.swift */; };
		92123A711D9E98EF0041A738 /* NoteView.swift in Sources */ = {isa = PBXBuildFile; fileRef = 92123A701D9E98EF0041A738 /* NoteView.swift */; };
		9212A6E71D95202F00007CEA /* DBClient.swift in Sources */ = {isa = PBXBuildFile; fileRef = 9212A6E61D95202F00007CEA /* DBClient.swift */; };
		9212F9931DA77D490049AFF1 /* TextEditorViewController.swift in Sources */ = {isa = PBXBuildFile; fileRef = 9212F9921DA77D490049AFF1 /* TextEditorViewController.swift */; };
		9212F9951DA77DA50049AFF1 /* WordPressEditor.framework in Frameworks */ = {isa = PBXBuildFile; fileRef = 9212F9941DA77DA50049AFF1 /* WordPressEditor.framework */; };
		9212F9971DA77E450049AFF1 /* WordPressComAnalytics.framework in Frameworks */ = {isa = PBXBuildFile; fileRef = 9212F9961DA77E450049AFF1 /* WordPressComAnalytics.framework */; };
		9214A1121DABC3CD008DD486 /* IconList.swift in Sources */ = {isa = PBXBuildFile; fileRef = 9214A1111DABC3CD008DD486 /* IconList.swift */; };
		921771981D9216F000904B64 /* RootCollectionTests.swift in Sources */ = {isa = PBXBuildFile; fileRef = 921771971D9216EF00904B64 /* RootCollectionTests.swift */; };
		9217BD1B1D98079A00CF60E4 /* FolderTable.swift in Sources */ = {isa = PBXBuildFile; fileRef = 9217BD1A1D98079A00CF60E4 /* FolderTable.swift */; };
		9218FD201DA09C30002BFF28 /* RoundView.swift in Sources */ = {isa = PBXBuildFile; fileRef = 9218FD1F1DA09C30002BFF28 /* RoundView.swift */; };
		921A97221D90CA2D000CF924 /* FolderTableViewController.swift in Sources */ = {isa = PBXBuildFile; fileRef = 921A97211D90CA2D000CF924 /* FolderTableViewController.swift */; };
		921A97251D912C9E000CF924 /* LlPrint.swift in Sources */ = {isa = PBXBuildFile; fileRef = 921A97241D912C9E000CF924 /* LlPrint.swift */; };
		921A97271D915A60000CF924 /* EditFolderViewController.swift in Sources */ = {isa = PBXBuildFile; fileRef = 921A97261D915A60000CF924 /* EditFolderViewController.swift */; };
		921BE7691D93E35700C74C1B /* FolderModel.swift in Sources */ = {isa = PBXBuildFile; fileRef = 921BE7681D93E35700C74C1B /* FolderModel.swift */; };
		921BE76B1D941F9400C74C1B /* FolderTableViewCell.swift in Sources */ = {isa = PBXBuildFile; fileRef = 921BE76A1D941F9400C74C1B /* FolderTableViewCell.swift */; };
		924F9C951D9CB5D700BC2A3F /* Filelist.swift in Sources */ = {isa = PBXBuildFile; fileRef = 924F9C941D9CB5D700BC2A3F /* Filelist.swift */; };
		924F9C971D9D2F3900BC2A3F /* FileManage.swift in Sources */ = {isa = PBXBuildFile; fileRef = 924F9C961D9D2F3900BC2A3F /* FileManage.swift */; };
		92D6B02E1D98B3EB005A058A /* HttpTool.swift in Sources */ = {isa = PBXBuildFile; fileRef = 92D6B02D1D98B3EB005A058A /* HttpTool.swift */; };
		C3EBC63F64B9FBB9F7F9014F /* Pods.framework in Frameworks */ = {isa = PBXBuildFile; fileRef = 8EA838105F6A27D68E3CB04B /* Pods.framework */; settings = {ATTRIBUTES = (Weak, ); }; };
/* End PBXBuildFile section */

/* Begin PBXContainerItemProxy section */
		92113C7E1D8F796A00919367 /* PBXContainerItemProxy */ = {
			isa = PBXContainerItemProxy;
			containerPortal = 92113C611D8F796A00919367 /* Project object */;
			proxyType = 1;
			remoteGlobalIDString = 92113C681D8F796A00919367;
			remoteInfo = MyNotes;
		};
		92113C891D8F796A00919367 /* PBXContainerItemProxy */ = {
			isa = PBXContainerItemProxy;
			containerPortal = 92113C611D8F796A00919367 /* Project object */;
			proxyType = 1;
			remoteGlobalIDString = 92113C681D8F796A00919367;
			remoteInfo = MyNotes;
		};
/* End PBXContainerItemProxy section */

/* Begin PBXFileReference section */
		55A007C624576DE26E175711 /* Pods.release.xcconfig */ = {isa = PBXFileReference; includeInIndex = 1; lastKnownFileType = text.xcconfig; name = Pods.release.xcconfig; path = "Pods/Target Support Files/Pods/Pods.release.xcconfig"; sourceTree = "<group>"; };
		84959AD1D95F0EC91FC18008 /* Pods_MyNotes.framework */ = {isa = PBXFileReference; explicitFileType = wrapper.framework; includeInIndex = 0; path = Pods_MyNotes.framework; sourceTree = BUILT_PRODUCTS_DIR; };
		84D2F19D282F12936A633001 /* Pods.debug.xcconfig */ = {isa = PBXFileReference; includeInIndex = 1; lastKnownFileType = text.xcconfig; name = Pods.debug.xcconfig; path = "Pods/Target Support Files/Pods/Pods.debug.xcconfig"; sourceTree = "<group>"; };
		8EA838105F6A27D68E3CB04B /* Pods.framework */ = {isa = PBXFileReference; explicitFileType = wrapper.framework; includeInIndex = 0; path = Pods.framework; sourceTree = BUILT_PRODUCTS_DIR; };
		920EC7AA1DA3BE0300E9EBE8 /* Masonry.framework */ = {isa = PBXFileReference; lastKnownFileType = wrapper.framework; name = Masonry.framework; path = "../../../../../Library/Developer/Xcode/DerivedData/MyNotes-hacgixtvmswkbjdlhunoiwjxujpg/Build/Products/Debug-iphonesimulator/Masonry.framework"; sourceTree = "<group>"; };
		92113C691D8F796A00919367 /* MyNotes.app */ = {isa = PBXFileReference; explicitFileType = wrapper.application; includeInIndex = 0; path = MyNotes.app; sourceTree = BUILT_PRODUCTS_DIR; };
		92113C6C1D8F796A00919367 /* AppDelegate.swift */ = {isa = PBXFileReference; lastKnownFileType = sourcecode.swift; path = AppDelegate.swift; sourceTree = "<group>"; };
		92113C711D8F796A00919367 /* Base */ = {isa = PBXFileReference; lastKnownFileType = file.storyboard; name = Base; path = Base.lproj/Main.storyboard; sourceTree = "<group>"; };
		92113C731D8F796A00919367 /* Assets.xcassets */ = {isa = PBXFileReference; lastKnownFileType = folder.assetcatalog; path = Assets.xcassets; sourceTree = "<group>"; };
		92113C761D8F796A00919367 /* Base */ = {isa = PBXFileReference; lastKnownFileType = file.storyboard; name = Base; path = Base.lproj/LaunchScreen.storyboard; sourceTree = "<group>"; };
		92113C781D8F796A00919367 /* Info.plist */ = {isa = PBXFileReference; lastKnownFileType = text.plist.xml; path = Info.plist; sourceTree = "<group>"; };
		92113C7D1D8F796A00919367 /* MyNotesTests.xctest */ = {isa = PBXFileReference; explicitFileType = wrapper.cfbundle; includeInIndex = 0; path = MyNotesTests.xctest; sourceTree = BUILT_PRODUCTS_DIR; };
		92113C811D8F796A00919367 /* MyNotesTests.swift */ = {isa = PBXFileReference; lastKnownFileType = sourcecode.swift; path = MyNotesTests.swift; sourceTree = "<group>"; };
		92113C831D8F796A00919367 /* Info.plist */ = {isa = PBXFileReference; lastKnownFileType = text.plist.xml; path = Info.plist; sourceTree = "<group>"; };
		92113C881D8F796A00919367 /* MyNotesUITests.xctest */ = {isa = PBXFileReference; explicitFileType = wrapper.cfbundle; includeInIndex = 0; path = MyNotesUITests.xctest; sourceTree = BUILT_PRODUCTS_DIR; };
		92113C8C1D8F796A00919367 /* MyNotesUITests.swift */ = {isa = PBXFileReference; lastKnownFileType = sourcecode.swift; path = MyNotesUITests.swift; sourceTree = "<group>"; };
		92113C8E1D8F796A00919367 /* Info.plist */ = {isa = PBXFileReference; lastKnownFileType = text.plist.xml; path = Info.plist; sourceTree = "<group>"; };
		92113C9E1D8FC95600919367 /* Catalog.swift */ = {isa = PBXFileReference; fileEncoding = 4; lastKnownFileType = sourcecode.swift; path = Catalog.swift; sourceTree = "<group>"; };
		92113CA51D90110700919367 /* CatalogCollectionViewCell.swift */ = {isa = PBXFileReference; fileEncoding = 4; lastKnownFileType = sourcecode.swift; path = CatalogCollectionViewCell.swift; sourceTree = "<group>"; };
		9211A77D1DAC6A39003F591A /* CatalogViewController.swift */ = {isa = PBXFileReference; fileEncoding = 4; lastKnownFileType = sourcecode.swift; path = CatalogViewController.swift; sourceTree = "<group>"; };
		9211B0CA1D9A4C09002F39A0 /* FileViewController.swift */ = {isa = PBXFileReference; fileEncoding = 4; lastKnownFileType = sourcecode.swift; path = FileViewController.swift; sourceTree = "<group>"; };
		92123A701D9E98EF0041A738 /* NoteView.swift */ = {isa = PBXFileReference; fileEncoding = 4; lastKnownFileType = sourcecode.swift; path = NoteView.swift; sourceTree = "<group>"; };
		9212A6E61D95202F00007CEA /* DBClient.swift */ = {isa = PBXFileReference; fileEncoding = 4; lastKnownFileType = sourcecode.swift; path = DBClient.swift; sourceTree = "<group>"; };
		9212F9921DA77D490049AFF1 /* TextEditorViewController.swift */ = {isa = PBXFileReference; fileEncoding = 4; lastKnownFileType = sourcecode.swift; path = TextEditorViewController.swift; sourceTree = "<group>"; };
		9212F9941DA77DA50049AFF1 /* WordPressEditor.framework */ = {isa = PBXFileReference; lastKnownFileType = wrapper.framework; name = WordPressEditor.framework; path = "../../../../../Library/Developer/Xcode/DerivedData/MyNotes-hacgixtvmswkbjdlhunoiwjxujpg/Build/Products/Debug-iphonesimulator/WordPressEditor.framework"; sourceTree = "<group>"; };
		9212F9961DA77E450049AFF1 /* WordPressComAnalytics.framework */ = {isa = PBXFileReference; lastKnownFileType = wrapper.framework; name = WordPressComAnalytics.framework; path = "../../../../../Library/Developer/Xcode/DerivedData/MyNotes-hacgixtvmswkbjdlhunoiwjxujpg/Build/Products/Debug-iphonesimulator/WordPressComAnalytics.framework"; sourceTree = "<group>"; };
		9214A1111DABC3CD008DD486 /* IconList.swift */ = {isa = PBXFileReference; fileEncoding = 4; lastKnownFileType = sourcecode.swift; path = IconList.swift; sourceTree = "<group>"; };
		921771971D9216EF00904B64 /* RootCollectionTests.swift */ = {isa = PBXFileReference; fileEncoding = 4; lastKnownFileType = sourcecode.swift; path = RootCollectionTests.swift; sourceTree = "<group>"; };
		921771991D92532200904B64 /* Note-Brigding-Header.h */ = {isa = PBXFileReference; lastKnownFileType = sourcecode.c.h; path = "Note-Brigding-Header.h"; sourceTree = "<group>"; };
		9217BD1A1D98079A00CF60E4 /* FolderTable.swift */ = {isa = PBXFileReference; fileEncoding = 4; lastKnownFileType = sourcecode.swift; path = FolderTable.swift; sourceTree = "<group>"; };
		9218FD1F1DA09C30002BFF28 /* RoundView.swift */ = {isa = PBXFileReference; fileEncoding = 4; lastKnownFileType = sourcecode.swift; path = RoundView.swift; sourceTree = "<group>"; };
		921A97211D90CA2D000CF924 /* FolderTableViewController.swift */ = {isa = PBXFileReference; fileEncoding = 4; lastKnownFileType = sourcecode.swift; path = FolderTableViewController.swift; sourceTree = "<group>"; };
		921A97241D912C9E000CF924 /* LlPrint.swift */ = {isa = PBXFileReference; fileEncoding = 4; lastKnownFileType = sourcecode.swift; path = LlPrint.swift; sourceTree = "<group>"; };
		921A97261D915A60000CF924 /* EditFolderViewController.swift */ = {isa = PBXFileReference; fileEncoding = 4; lastKnownFileType = sourcecode.swift; path = EditFolderViewController.swift; sourceTree = "<group>"; };
		921BE7681D93E35700C74C1B /* FolderModel.swift */ = {isa = PBXFileReference; fileEncoding = 4; lastKnownFileType = sourcecode.swift; path = FolderModel.swift; sourceTree = "<group>"; };
		921BE76A1D941F9400C74C1B /* FolderTableViewCell.swift */ = {isa = PBXFileReference; fileEncoding = 4; lastKnownFileType = sourcecode.swift; path = FolderTableViewCell.swift; sourceTree = "<group>"; };
		924F9C941D9CB5D700BC2A3F /* Filelist.swift */ = {isa = PBXFileReference; fileEncoding = 4; lastKnownFileType = sourcecode.swift; path = Filelist.swift; sourceTree = "<group>"; };
		924F9C961D9D2F3900BC2A3F /* FileManage.swift */ = {isa = PBXFileReference; fileEncoding = 4; lastKnownFileType = sourcecode.swift; path = FileManage.swift; sourceTree = "<group>"; };
		92D6B02D1D98B3EB005A058A /* HttpTool.swift */ = {isa = PBXFileReference; fileEncoding = 4; lastKnownFileType = sourcecode.swift; path = HttpTool.swift; sourceTree = "<group>"; };
		92D6B02F1D98B421005A058A /* Alamofire.framework */ = {isa = PBXFileReference; lastKnownFileType = wrapper.framework; name = Alamofire.framework; path = "Pods/../build/Debug-iphoneos/Alamofire.framework"; sourceTree = "<group>"; };
		92D6B0311D98B64E005A058A /* FMDB.framework */ = {isa = PBXFileReference; lastKnownFileType = wrapper.framework; name = FMDB.framework; path = "../../../../../Library/Developer/Xcode/DerivedData/MyNotes-hacgixtvmswkbjdlhunoiwjxujpg/Build/Products/Debug-iphonesimulator/FMDB.framework"; sourceTree = "<group>"; };
		92D6B0331D98B664005A058A /* Alamofire.framework */ = {isa = PBXFileReference; lastKnownFileType = wrapper.framework; name = Alamofire.framework; path = "../../../../../Library/Developer/Xcode/DerivedData/MyNotes-hacgixtvmswkbjdlhunoiwjxujpg/Build/Products/Debug-iphonesimulator/Alamofire.framework"; sourceTree = "<group>"; };
/* End PBXFileReference section */

/* Begin PBXFrameworksBuildPhase section */
		92113C661D8F796A00919367 /* Frameworks */ = {
			isa = PBXFrameworksBuildPhase;
			buildActionMask = 2147483647;
			files = (
				9212F9971DA77E450049AFF1 /* WordPressComAnalytics.framework in Frameworks */,
				9212F9951DA77DA50049AFF1 /* WordPressEditor.framework in Frameworks */,
				920EC7AB1DA3BE0300E9EBE8 /* Masonry.framework in Frameworks */,
				C3EBC63F64B9FBB9F7F9014F /* Pods.framework in Frameworks */,
				46061E03AB589705A86872A8 /* Pods_MyNotes.framework in Frameworks */,
			);
			runOnlyForDeploymentPostprocessing = 0;
		};
		92113C7A1D8F796A00919367 /* Frameworks */ = {
			isa = PBXFrameworksBuildPhase;
			buildActionMask = 2147483647;
			files = (
			);
			runOnlyForDeploymentPostprocessing = 0;
		};
		92113C851D8F796A00919367 /* Frameworks */ = {
			isa = PBXFrameworksBuildPhase;
			buildActionMask = 2147483647;
			files = (
			);
			runOnlyForDeploymentPostprocessing = 0;
		};
/* End PBXFrameworksBuildPhase section */

/* Begin PBXGroup section */
		92113C601D8F796A00919367 = {
			isa = PBXGroup;
			children = (
				92113C6B1D8F796A00919367 /* MyNotes */,
				92113C801D8F796A00919367 /* MyNotesTests */,
				92113C8B1D8F796A00919367 /* MyNotesUITests */,
				92113C6A1D8F796A00919367 /* Products */,
				9E8E3937202FEB0717B93E0D /* Pods */,
				B79266A3D7A457A062D81829 /* Frameworks */,
			);
			sourceTree = "<group>";
		};
		92113C6A1D8F796A00919367 /* Products */ = {
			isa = PBXGroup;
			children = (
				92113C691D8F796A00919367 /* MyNotes.app */,
				92113C7D1D8F796A00919367 /* MyNotesTests.xctest */,
				92113C881D8F796A00919367 /* MyNotesUITests.xctest */,
			);
			name = Products;
			sourceTree = "<group>";
		};
		92113C6B1D8F796A00919367 /* MyNotes */ = {
			isa = PBXGroup;
			children = (
				9217719B1D926F0200904B64 /* StoryBoard */,
				9217719A1D926EDC00904B64 /* ViewController */,
				92113CA41D9010E200919367 /* View */,
				92113C9D1D8FC02900919367 /* Model */,
				921A97231D912C7C000CF924 /* Tool */,
				92113C9A1D8F79AF00919367 /* Supporting File */,
			);
			path = MyNotes;
			sourceTree = "<group>";
		};
		92113C801D8F796A00919367 /* MyNotesTests */ = {
			isa = PBXGroup;
			children = (
				92113C811D8F796A00919367 /* MyNotesTests.swift */,
				921771971D9216EF00904B64 /* RootCollectionTests.swift */,
				92113C831D8F796A00919367 /* Info.plist */,
			);
			path = MyNotesTests;
			sourceTree = "<group>";
		};
		92113C8B1D8F796A00919367 /* MyNotesUITests */ = {
			isa = PBXGroup;
			children = (
				92113C8C1D8F796A00919367 /* MyNotesUITests.swift */,
				92113C8E1D8F796A00919367 /* Info.plist */,
			);
			path = MyNotesUITests;
			sourceTree = "<group>";
		};
		92113C9A1D8F79AF00919367 /* Supporting File */ = {
			isa = PBXGroup;
			children = (
				921771991D92532200904B64 /* Note-Brigding-Header.h */,
				92113C6C1D8F796A00919367 /* AppDelegate.swift */,
				92113C731D8F796A00919367 /* Assets.xcassets */,
				92113C751D8F796A00919367 /* LaunchScreen.storyboard */,
				92113C781D8F796A00919367 /* Info.plist */,
			);
			name = "Supporting File";
			sourceTree = "<group>";
		};
		92113C9D1D8FC02900919367 /* Model */ = {
			isa = PBXGroup;
			children = (
				92113C9E1D8FC95600919367 /* Catalog.swift */,
				9217BD1A1D98079A00CF60E4 /* FolderTable.swift */,
				924F9C941D9CB5D700BC2A3F /* Filelist.swift */,
			);
			name = Model;
			sourceTree = "<group>";
		};
		92113CA41D9010E200919367 /* View */ = {
			isa = PBXGroup;
			children = (
				92113CA51D90110700919367 /* CatalogCollectionViewCell.swift */,
				9214A1111DABC3CD008DD486 /* IconList.swift */,
				9218FD1E1DA09BF9002BFF28 /* NoteView */,
				921BE76A1D941F9400C74C1B /* FolderTableViewCell.swift */,
			);
			name = View;
			sourceTree = "<group>";
		};
		9217719A1D926EDC00904B64 /* ViewController */ = {
			isa = PBXGroup;
			children = (
				921A97211D90CA2D000CF924 /* FolderTableViewController.swift */,
				9211B0CA1D9A4C09002F39A0 /* FileViewController.swift */,
				921A97261D915A60000CF924 /* EditFolderViewController.swift */,
				9212F9921DA77D490049AFF1 /* TextEditorViewController.swift */,
				9211A77D1DAC6A39003F591A /* CatalogViewController.swift */,
			);
			name = ViewController;
			sourceTree = "<group>";
		};
		9217719B1D926F0200904B64 /* StoryBoard */ = {
			isa = PBXGroup;
			children = (
				92113C701D8F796A00919367 /* Main.storyboard */,
			);
			name = StoryBoard;
			sourceTree = "<group>";
		};
		9218FD1E1DA09BF9002BFF28 /* NoteView */ = {
			isa = PBXGroup;
			children = (
				92123A701D9E98EF0041A738 /* NoteView.swift */,
				9218FD1F1DA09C30002BFF28 /* RoundView.swift */,
			);
			name = NoteView;
			sourceTree = "<group>";
		};
		921A97231D912C7C000CF924 /* Tool */ = {
			isa = PBXGroup;
			children = (
				9212A6E61D95202F00007CEA /* DBClient.swift */,
				921BE7681D93E35700C74C1B /* FolderModel.swift */,
				921A97241D912C9E000CF924 /* LlPrint.swift */,
				92D6B02D1D98B3EB005A058A /* HttpTool.swift */,
				924F9C961D9D2F3900BC2A3F /* FileManage.swift */,
			);
			name = Tool;
			sourceTree = "<group>";
		};
		9E8E3937202FEB0717B93E0D /* Pods */ = {
			isa = PBXGroup;
			children = (
				84D2F19D282F12936A633001 /* Pods.debug.xcconfig */,
				55A007C624576DE26E175711 /* Pods.release.xcconfig */,
			);
			name = Pods;
			sourceTree = "<group>";
		};
		B79266A3D7A457A062D81829 /* Frameworks */ = {
			isa = PBXGroup;
			children = (
				9212F9961DA77E450049AFF1 /* WordPressComAnalytics.framework */,
				9212F9941DA77DA50049AFF1 /* WordPressEditor.framework */,
				920EC7AA1DA3BE0300E9EBE8 /* Masonry.framework */,
				92D6B0331D98B664005A058A /* Alamofire.framework */,
				92D6B0311D98B64E005A058A /* FMDB.framework */,
				92D6B02F1D98B421005A058A /* Alamofire.framework */,
				8EA838105F6A27D68E3CB04B /* Pods.framework */,
				84959AD1D95F0EC91FC18008 /* Pods_MyNotes.framework */,
			);
			name = Frameworks;
			sourceTree = "<group>";
		};
/* End PBXGroup section */

/* Begin PBXNativeTarget section */
		92113C681D8F796A00919367 /* MyNotes */ = {
			isa = PBXNativeTarget;
			buildConfigurationList = 92113C911D8F796A00919367 /* Build configuration list for PBXNativeTarget "MyNotes" */;
			buildPhases = (
				55C72E0EB73C64231EAFD03D /* Check Pods Manifest.lock */,
				92113C651D8F796A00919367 /* Sources */,
				92113C661D8F796A00919367 /* Frameworks */,
				92113C671D8F796A00919367 /* Resources */,
				B65E216163528B0775C5422C /* Copy Pods Resources */,
				FBB7A2BFB85A2ABBC7852E6F /* Embed Pods Frameworks */,
			);
			buildRules = (
			);
			dependencies = (
			);
			name = MyNotes;
			productName = MyNotes;
			productReference = 92113C691D8F796A00919367 /* MyNotes.app */;
			productType = "com.apple.product-type.application";
		};
		92113C7C1D8F796A00919367 /* MyNotesTests */ = {
			isa = PBXNativeTarget;
			buildConfigurationList = 92113C941D8F796A00919367 /* Build configuration list for PBXNativeTarget "MyNotesTests" */;
			buildPhases = (
				92113C791D8F796A00919367 /* Sources */,
				92113C7A1D8F796A00919367 /* Frameworks */,
				92113C7B1D8F796A00919367 /* Resources */,
			);
			buildRules = (
			);
			dependencies = (
				92113C7F1D8F796A00919367 /* PBXTargetDependency */,
			);
			name = MyNotesTests;
			productName = MyNotesTests;
			productReference = 92113C7D1D8F796A00919367 /* MyNotesTests.xctest */;
			productType = "com.apple.product-type.bundle.unit-test";
		};
		92113C871D8F796A00919367 /* MyNotesUITests */ = {
			isa = PBXNativeTarget;
			buildConfigurationList = 92113C971D8F796A00919367 /* Build configuration list for PBXNativeTarget "MyNotesUITests" */;
			buildPhases = (
				92113C841D8F796A00919367 /* Sources */,
				92113C851D8F796A00919367 /* Frameworks */,
				92113C861D8F796A00919367 /* Resources */,
			);
			buildRules = (
			);
			dependencies = (
				92113C8A1D8F796A00919367 /* PBXTargetDependency */,
			);
			name = MyNotesUITests;
			productName = MyNotesUITests;
			productReference = 92113C881D8F796A00919367 /* MyNotesUITests.xctest */;
			productType = "com.apple.product-type.bundle.ui-testing";
		};
/* End PBXNativeTarget section */

/* Begin PBXProject section */
		92113C611D8F796A00919367 /* Project object */ = {
			isa = PBXProject;
			attributes = {
				LastSwiftUpdateCheck = 0800;
				LastUpgradeCheck = 0800;
				ORGANIZATIONNAME = sea;
				TargetAttributes = {
					92113C681D8F796A00919367 = {
						CreatedOnToolsVersion = 8.0;
						DevelopmentTeam = FJ4EXA82N7;
						LastSwiftMigration = 0800;
						ProvisioningStyle = Automatic;
					};
					92113C7C1D8F796A00919367 = {
						CreatedOnToolsVersion = 8.0;
						DevelopmentTeam = FJ4EXA82N7;
						LastSwiftMigration = 0800;
						ProvisioningStyle = Automatic;
						TestTargetID = 92113C681D8F796A00919367;
					};
					92113C871D8F796A00919367 = {
						CreatedOnToolsVersion = 8.0;
						DevelopmentTeam = FJ4EXA82N7;
						LastSwiftMigration = 0800;
						ProvisioningStyle = Automatic;
						TestTargetID = 92113C681D8F796A00919367;
					};
				};
			};
			buildConfigurationList = 92113C641D8F796A00919367 /* Build configuration list for PBXProject "MyNotes" */;
			compatibilityVersion = "Xcode 3.2";
			developmentRegion = English;
			hasScannedForEncodings = 0;
			knownRegions = (
				en,
				Base,
			);
			mainGroup = 92113C601D8F796A00919367;
			productRefGroup = 92113C6A1D8F796A00919367 /* Products */;
			projectDirPath = "";
			projectRoot = "";
			targets = (
				92113C681D8F796A00919367 /* MyNotes */,
				92113C7C1D8F796A00919367 /* MyNotesTests */,
				92113C871D8F796A00919367 /* MyNotesUITests */,
			);
		};
/* End PBXProject section */

/* Begin PBXResourcesBuildPhase section */
		92113C671D8F796A00919367 /* Resources */ = {
			isa = PBXResourcesBuildPhase;
			buildActionMask = 2147483647;
			files = (
				92113C771D8F796A00919367 /* LaunchScreen.storyboard in Resources */,
				92113C741D8F796A00919367 /* Assets.xcassets in Resources */,
				92113C721D8F796A00919367 /* Main.storyboard in Resources */,
			);
			runOnlyForDeploymentPostprocessing = 0;
		};
		92113C7B1D8F796A00919367 /* Resources */ = {
			isa = PBXResourcesBuildPhase;
			buildActionMask = 2147483647;
			files = (
			);
			runOnlyForDeploymentPostprocessing = 0;
		};
		92113C861D8F796A00919367 /* Resources */ = {
			isa = PBXResourcesBuildPhase;
			buildActionMask = 2147483647;
			files = (
			);
			runOnlyForDeploymentPostprocessing = 0;
		};
/* End PBXResourcesBuildPhase section */

/* Begin PBXShellScriptBuildPhase section */
		55C72E0EB73C64231EAFD03D /* Check Pods Manifest.lock */ = {
			isa = PBXShellScriptBuildPhase;
			buildActionMask = 2147483647;
			files = (
			);
			inputPaths = (
			);
			name = "Check Pods Manifest.lock";
			outputPaths = (
			);
			runOnlyForDeploymentPostprocessing = 0;
			shellPath = /bin/sh;
			shellScript = "diff \"${PODS_ROOT}/../Podfile.lock\" \"${PODS_ROOT}/Manifest.lock\" > /dev/null\nif [[ $? != 0 ]] ; then\n    cat << EOM\nerror: The sandbox is not in sync with the Podfile.lock. Run 'pod install' or update your CocoaPods installation.\nEOM\n    exit 1\nfi\n";
			showEnvVarsInLog = 0;
		};
		B65E216163528B0775C5422C /* Copy Pods Resources */ = {
			isa = PBXShellScriptBuildPhase;
			buildActionMask = 2147483647;
			files = (
			);
			inputPaths = (
			);
			name = "Copy Pods Resources";
			outputPaths = (
			);
			runOnlyForDeploymentPostprocessing = 0;
			shellPath = /bin/sh;
			shellScript = "\"${SRCROOT}/Pods/Target Support Files/Pods-MyNotes/Pods-MyNotes-resources.sh\"\n";
			showEnvVarsInLog = 0;
		};
		FBB7A2BFB85A2ABBC7852E6F /* Embed Pods Frameworks */ = {
			isa = PBXShellScriptBuildPhase;
			buildActionMask = 2147483647;
			files = (
			);
			inputPaths = (
			);
			name = "Embed Pods Frameworks";
			outputPaths = (
			);
			runOnlyForDeploymentPostprocessing = 0;
			shellPath = /bin/sh;
			shellScript = "\"${SRCROOT}/Pods/Target Support Files/Pods-MyNotes/Pods-MyNotes-frameworks.sh\"\n";
			showEnvVarsInLog = 0;
		};
/* End PBXShellScriptBuildPhase section */

/* Begin PBXSourcesBuildPhase section */
		92113C651D8F796A00919367 /* Sources */ = {
			isa = PBXSourcesBuildPhase;
			buildActionMask = 2147483647;
			files = (
				9211A77E1DAC6A39003F591A /* CatalogViewController.swift in Sources */,
				9217BD1B1D98079A00CF60E4 /* FolderTable.swift in Sources */,
				921BE76B1D941F9400C74C1B /* FolderTableViewCell.swift in Sources */,
				9218FD201DA09C30002BFF28 /* RoundView.swift in Sources */,
				921A97221D90CA2D000CF924 /* FolderTableViewController.swift in Sources */,
				92113C6D1D8F796A00919367 /* AppDelegate.swift in Sources */,
				92D6B02E1D98B3EB005A058A /* HttpTool.swift in Sources */,
				9214A1121DABC3CD008DD486 /* IconList.swift in Sources */,
				9211B0CB1D9A4C09002F39A0 /* FileViewController.swift in Sources */,
				9212F9931DA77D490049AFF1 /* TextEditorViewController.swift in Sources */,
				921BE7691D93E35700C74C1B /* FolderModel.swift in Sources */,
				921A97271D915A60000CF924 /* EditFolderViewController.swift in Sources */,
				924F9C951D9CB5D700BC2A3F /* Filelist.swift in Sources */,
				92123A711D9E98EF0041A738 /* NoteView.swift in Sources */,
				92113C9F1D8FC95600919367 /* Catalog.swift in Sources */,
				9212A6E71D95202F00007CEA /* DBClient.swift in Sources */,
				924F9C971D9D2F3900BC2A3F /* FileManage.swift in Sources */,
				921A97251D912C9E000CF924 /* LlPrint.swift in Sources */,
				92113CA61D90110700919367 /* CatalogCollectionViewCell.swift in Sources */,
			);
			runOnlyForDeploymentPostprocessing = 0;
		};
		92113C791D8F796A00919367 /* Sources */ = {
			isa = PBXSourcesBuildPhase;
			buildActionMask = 2147483647;
			files = (
				92113C821D8F796A00919367 /* MyNotesTests.swift in Sources */,
				921771981D9216F000904B64 /* RootCollectionTests.swift in Sources */,
			);
			runOnlyForDeploymentPostprocessing = 0;
		};
		92113C841D8F796A00919367 /* Sources */ = {
			isa = PBXSourcesBuildPhase;
			buildActionMask = 2147483647;
			files = (
				92113C8D1D8F796A00919367 /* MyNotesUITests.swift in Sources */,
			);
			runOnlyForDeploymentPostprocessing = 0;
		};
/* End PBXSourcesBuildPhase section */

/* Begin PBXTargetDependency section */
		92113C7F1D8F796A00919367 /* PBXTargetDependency */ = {
			isa = PBXTargetDependency;
			target = 92113C681D8F796A00919367 /* MyNotes */;
			targetProxy = 92113C7E1D8F796A00919367 /* PBXContainerItemProxy */;
		};
		92113C8A1D8F796A00919367 /* PBXTargetDependency */ = {
			isa = PBXTargetDependency;
			target = 92113C681D8F796A00919367 /* MyNotes */;
			targetProxy = 92113C891D8F796A00919367 /* PBXContainerItemProxy */;
		};
/* End PBXTargetDependency section */

/* Begin PBXVariantGroup section */
		92113C701D8F796A00919367 /* Main.storyboard */ = {
			isa = PBXVariantGroup;
			children = (
				92113C711D8F796A00919367 /* Base */,
			);
			name = Main.storyboard;
			sourceTree = "<group>";
		};
		92113C751D8F796A00919367 /* LaunchScreen.storyboard */ = {
			isa = PBXVariantGroup;
			children = (
				92113C761D8F796A00919367 /* Base */,
			);
			name = LaunchScreen.storyboard;
			sourceTree = "<group>";
		};
/* End PBXVariantGroup section */

/* Begin XCBuildConfiguration section */
		92113C8F1D8F796A00919367 /* Debug */ = {
			isa = XCBuildConfiguration;
			buildSettings = {
				ALWAYS_SEARCH_USER_PATHS = NO;
				CLANG_ANALYZER_NONNULL = YES;
				CLANG_CXX_LANGUAGE_STANDARD = "gnu++0x";
				CLANG_CXX_LIBRARY = "libc++";
				CLANG_ENABLE_MODULES = YES;
				CLANG_ENABLE_OBJC_ARC = YES;
				CLANG_WARN_BOOL_CONVERSION = YES;
				CLANG_WARN_CONSTANT_CONVERSION = YES;
				CLANG_WARN_DIRECT_OBJC_ISA_USAGE = YES_ERROR;
				CLANG_WARN_DOCUMENTATION_COMMENTS = YES;
				CLANG_WARN_EMPTY_BODY = YES;
				CLANG_WARN_ENUM_CONVERSION = YES;
				CLANG_WARN_INFINITE_RECURSION = YES;
				CLANG_WARN_INT_CONVERSION = YES;
				CLANG_WARN_OBJC_ROOT_CLASS = YES_ERROR;
				CLANG_WARN_SUSPICIOUS_MOVE = YES;
				CLANG_WARN_SUSPICIOUS_MOVES = YES;
				CLANG_WARN_UNREACHABLE_CODE = YES;
				CLANG_WARN__DUPLICATE_METHOD_MATCH = YES;
				"CODE_SIGN_IDENTITY[sdk=iphoneos*]" = "iPhone Developer";
				COPY_PHASE_STRIP = NO;
				DEBUG_INFORMATION_FORMAT = dwarf;
				ENABLE_STRICT_OBJC_MSGSEND = YES;
				ENABLE_TESTABILITY = YES;
				GCC_C_LANGUAGE_STANDARD = gnu99;
				GCC_DYNAMIC_NO_PIC = NO;
				GCC_NO_COMMON_BLOCKS = YES;
				GCC_OPTIMIZATION_LEVEL = 0;
				GCC_PREPROCESSOR_DEFINITIONS = (
					"DEBUG=1",
					"$(inherited)",
				);
				GCC_WARN_64_TO_32_BIT_CONVERSION = YES;
				GCC_WARN_ABOUT_RETURN_TYPE = YES_ERROR;
				GCC_WARN_UNDECLARED_SELECTOR = YES;
				GCC_WARN_UNINITIALIZED_AUTOS = YES_AGGRESSIVE;
				GCC_WARN_UNUSED_FUNCTION = YES;
				GCC_WARN_UNUSED_VARIABLE = YES;
				IPHONEOS_DEPLOYMENT_TARGET = 10.0;
				MTL_ENABLE_DEBUG_INFO = YES;
				ONLY_ACTIVE_ARCH = YES;
				SDKROOT = iphoneos;
				SWIFT_ACTIVE_COMPILATION_CONDITIONS = DEBUG;
				SWIFT_OPTIMIZATION_LEVEL = "-Onone";
				TARGETED_DEVICE_FAMILY = "1,2";
			};
			name = Debug;
		};
		92113C901D8F796A00919367 /* Release */ = {
			isa = XCBuildConfiguration;
			buildSettings = {
				ALWAYS_SEARCH_USER_PATHS = NO;
				CLANG_ANALYZER_NONNULL = YES;
				CLANG_CXX_LANGUAGE_STANDARD = "gnu++0x";
				CLANG_CXX_LIBRARY = "libc++";
				CLANG_ENABLE_MODULES = YES;
				CLANG_ENABLE_OBJC_ARC = YES;
				CLANG_WARN_BOOL_CONVERSION = YES;
				CLANG_WARN_CONSTANT_CONVERSION = YES;
				CLANG_WARN_DIRECT_OBJC_ISA_USAGE = YES_ERROR;
				CLANG_WARN_DOCUMENTATION_COMMENTS = YES;
				CLANG_WARN_EMPTY_BODY = YES;
				CLANG_WARN_ENUM_CONVERSION = YES;
				CLANG_WARN_INFINITE_RECURSION = YES;
				CLANG_WARN_INT_CONVERSION = YES;
				CLANG_WARN_OBJC_ROOT_CLASS = YES_ERROR;
				CLANG_WARN_SUSPICIOUS_MOVE = YES;
				CLANG_WARN_SUSPICIOUS_MOVES = YES;
				CLANG_WARN_UNREACHABLE_CODE = YES;
				CLANG_WARN__DUPLICATE_METHOD_MATCH = YES;
				"CODE_SIGN_IDENTITY[sdk=iphoneos*]" = "iPhone Developer";
				COPY_PHASE_STRIP = NO;
				DEBUG_INFORMATION_FORMAT = "dwarf-with-dsym";
				ENABLE_NS_ASSERTIONS = NO;
				ENABLE_STRICT_OBJC_MSGSEND = YES;
				GCC_C_LANGUAGE_STANDARD = gnu99;
				GCC_NO_COMMON_BLOCKS = YES;
				GCC_WARN_64_TO_32_BIT_CONVERSION = YES;
				GCC_WARN_ABOUT_RETURN_TYPE = YES_ERROR;
				GCC_WARN_UNDECLARED_SELECTOR = YES;
				GCC_WARN_UNINITIALIZED_AUTOS = YES_AGGRESSIVE;
				GCC_WARN_UNUSED_FUNCTION = YES;
				GCC_WARN_UNUSED_VARIABLE = YES;
				IPHONEOS_DEPLOYMENT_TARGET = 10.0;
				MTL_ENABLE_DEBUG_INFO = NO;
				SDKROOT = iphoneos;
				SWIFT_OPTIMIZATION_LEVEL = "-Owholemodule";
				TARGETED_DEVICE_FAMILY = "1,2";
				VALIDATE_PRODUCT = YES;
			};
			name = Release;
		};
		92113C921D8F796A00919367 /* Debug */ = {
			isa = XCBuildConfiguration;
			baseConfigurationReference = 84D2F19D282F12936A633001 /* Pods.debug.xcconfig */;
			buildSettings = {
				ASSETCATALOG_COMPILER_APPICON_NAME = AppIcon;
				DEVELOPMENT_TEAM = FJ4EXA82N7;
				FRAMEWORK_SEARCH_PATHS = (
					"$(inherited)",
					"$(PROJECT_DIR)/build/Debug-iphoneos",
				);
				HEADER_SEARCH_PATHS = "${PODS_ROOT}/**";
				INFOPLIST_FILE = MyNotes/Info.plist;
				LD_RUNPATH_SEARCH_PATHS = "$(inherited) @executable_path/Frameworks";
				PRODUCT_BUNDLE_IDENTIFIER = sea.MyNotes;
				PRODUCT_NAME = "$(TARGET_NAME)";
				SWIFT_OBJC_BRIDGING_HEADER = "MyNotes/Note-Brigding-Header.h";
				SWIFT_VERSION = 3.0;
				TARGETED_DEVICE_FAMILY = 1;
			};
			name = Debug;
		};
		92113C931D8F796A00919367 /* Release */ = {
			isa = XCBuildConfiguration;
			baseConfigurationReference = 55A007C624576DE26E175711 /* Pods.release.xcconfig */;
			buildSettings = {
				ASSETCATALOG_COMPILER_APPICON_NAME = AppIcon;
				DEVELOPMENT_TEAM = FJ4EXA82N7;
				FRAMEWORK_SEARCH_PATHS = (
					"$(inherited)",
					"$(PROJECT_DIR)/build/Debug-iphoneos",
				);
				HEADER_SEARCH_PATHS = "${PODS_ROOT}/**";
				INFOPLIST_FILE = MyNotes/Info.plist;
				LD_RUNPATH_SEARCH_PATHS = "$(inherited) @executable_path/Frameworks";
				PRODUCT_BUNDLE_IDENTIFIER = sea.MyNotes;
				PRODUCT_NAME = "$(TARGET_NAME)";
				SWIFT_OBJC_BRIDGING_HEADER = "MyNotes/Note-Brigding-Header.h";
				SWIFT_VERSION = 3.0;
				TARGETED_DEVICE_FAMILY = 1;
			};
			name = Release;
		};
		92113C951D8F796A00919367 /* Debug */ = {
			isa = XCBuildConfiguration;
			buildSettings = {
				ALWAYS_EMBED_SWIFT_STANDARD_LIBRARIES = YES;
				BUNDLE_LOADER = "$(TEST_HOST)";
				DEVELOPMENT_TEAM = FJ4EXA82N7;
				INFOPLIST_FILE = MyNotesTests/Info.plist;
				LD_RUNPATH_SEARCH_PATHS = "$(inherited) @executable_path/Frameworks @loader_path/Frameworks";
				PRODUCT_BUNDLE_IDENTIFIER = sea.MyNotesTests;
				PRODUCT_NAME = "$(TARGET_NAME)";
				SWIFT_VERSION = 3.0;
				TEST_HOST = "$(BUILT_PRODUCTS_DIR)/MyNotes.app/MyNotes";
			};
			name = Debug;
		};
		92113C961D8F796A00919367 /* Release */ = {
			isa = XCBuildConfiguration;
			buildSettings = {
				ALWAYS_EMBED_SWIFT_STANDARD_LIBRARIES = YES;
				BUNDLE_LOADER = "$(TEST_HOST)";
				DEVELOPMENT_TEAM = FJ4EXA82N7;
				INFOPLIST_FILE = MyNotesTests/Info.plist;
				LD_RUNPATH_SEARCH_PATHS = "$(inherited) @executable_path/Frameworks @loader_path/Frameworks";
				PRODUCT_BUNDLE_IDENTIFIER = sea.MyNotesTests;
				PRODUCT_NAME = "$(TARGET_NAME)";
				SWIFT_VERSION = 3.0;
				TEST_HOST = "$(BUILT_PRODUCTS_DIR)/MyNotes.app/MyNotes";
			};
			name = Release;
		};
		92113C981D8F796A00919367 /* Debug */ = {
			isa = XCBuildConfiguration;
			buildSettings = {
				ALWAYS_EMBED_SWIFT_STANDARD_LIBRARIES = YES;
				DEVELOPMENT_TEAM = FJ4EXA82N7;
				INFOPLIST_FILE = MyNotesUITests/Info.plist;
				LD_RUNPATH_SEARCH_PATHS = "$(inherited) @executable_path/Frameworks @loader_path/Frameworks";
				PRODUCT_BUNDLE_IDENTIFIER = sea.MyNotesUITests;
				PRODUCT_NAME = "$(TARGET_NAME)";
				SWIFT_VERSION = 3.0;
				TEST_TARGET_NAME = MyNotes;
			};
			name = Debug;
		};
		92113C991D8F796A00919367 /* Release */ = {
			isa = XCBuildConfiguration;
			buildSettings = {
				ALWAYS_EMBED_SWIFT_STANDARD_LIBRARIES = YES;
				DEVELOPMENT_TEAM = FJ4EXA82N7;
				INFOPLIST_FILE = MyNotesUITests/Info.plist;
				LD_RUNPATH_SEARCH_PATHS = "$(inherited) @executable_path/Frameworks @loader_path/Frameworks";
				PRODUCT_BUNDLE_IDENTIFIER = sea.MyNotesUITests;
				PRODUCT_NAME = "$(TARGET_NAME)";
				SWIFT_VERSION = 3.0;
				TEST_TARGET_NAME = MyNotes;
			};
			name = Release;
		};
/* End XCBuildConfiguration section */

/* Begin XCConfigurationList section */
		92113C641D8F796A00919367 /* Build configuration list for PBXProject "MyNotes" */ = {
			isa = XCConfigurationList;
			buildConfigurations = (
				92113C8F1D8F796A00919367 /* Debug */,
				92113C901D8F796A00919367 /* Release */,
			);
			defaultConfigurationIsVisible = 0;
			defaultConfigurationName = Release;
		};
		92113C911D8F796A00919367 /* Build configuration list for PBXNativeTarget "MyNotes" */ = {
			isa = XCConfigurationList;
			buildConfigurations = (
				92113C921D8F796A00919367 /* Debug */,
				92113C931D8F796A00919367 /* Release */,
			);
			defaultConfigurationIsVisible = 0;
			defaultConfigurationName = Release;
		};
		92113C941D8F796A00919367 /* Build configuration list for PBXNativeTarget "MyNotesTests" */ = {
			isa = XCConfigurationList;
			buildConfigurations = (
				92113C951D8F796A00919367 /* Debug */,
				92113C961D8F796A00919367 /* Release */,
			);
			defaultConfigurationIsVisible = 0;
			defaultConfigurationName = Release;
		};
		92113C971D8F796A00919367 /* Build configuration list for PBXNativeTarget "MyNotesUITests" */ = {
			isa = XCConfigurationList;
			buildConfigurations = (
				92113C981D8F796A00919367 /* Debug */,
				92113C991D8F796A00919367 /* Release */,
			);
			defaultConfigurationIsVisible = 0;
			defaultConfigurationName = Release;
		};
/* End XCConfigurationList section */
	};
	rootObject = 92113C611D8F796A00919367 /* Project object */;
}
